github.com/joho/godotenv v1.5.1 h1:7eLL/+HRGLY0ldzfGMeQkb7vMd0as4CfYvUVzLqw0N0=
github.com/joho/godotenv v1.5.1/go.mod h1:f4LDr5Voq0i2e/R5DDNOoa2zzDfwtkZa6DnEwAbqwq4=
github.com/trevor-arthur/taslib v0.0.0-20230302024840-0b963a014bd7 h1:M97812fRa49pR/zhLJkIkDab7heKSIW4XglaVOOkfk8=
github.com/trevor-arthur/taslib v0.0.0-20230302024840-0b963a014bd7/go.mod h1:SOy3TorY/xLzdKnQEwWldKbmOQBXtEmyC7DwawZ+Bmg=
